// !$*UTF8*$!
{
	archiveVersion = 1;
	classes = {
	};
	objectVersion = 46;
	objects = {

/* Begin PBXBuildFile section */
		F85A4F1D1D3DEC9900C5DA0B /* main.m in Sources */ = {isa = PBXBuildFile; fileRef = F85A4F1C1D3DEC9900C5DA0B /* main.m */; };
		F85A4F201D3DEC9900C5DA0B /* AppDelegate.m in Sources */ = {isa = PBXBuildFile; fileRef = F85A4F1F1D3DEC9900C5DA0B /* AppDelegate.m */; };
		F85A4F231D3DEC9900C5DA0B /* ViewController.m in Sources */ = {isa = PBXBuildFile; fileRef = F85A4F221D3DEC9900C5DA0B /* ViewController.m */; };
		F85A4F261D3DEC9900C5DA0B /* Main.storyboard in Resources */ = {isa = PBXBuildFile; fileRef = F85A4F241D3DEC9900C5DA0B /* Main.storyboard */; };
		F85A4F281D3DEC9900C5DA0B /* Assets.xcassets in Resources */ = {isa = PBXBuildFile; fileRef = F85A4F271D3DEC9900C5DA0B /* Assets.xcassets */; };
		F85A4F2B1D3DEC9900C5DA0B /* LaunchScreen.storyboard in Resources */ = {isa = PBXBuildFile; fileRef = F85A4F291D3DEC9900C5DA0B /* LaunchScreen.storyboard */; };
		F8D95DA41D3DEE9E007088DF /* MenuViewController.m in Sources */ = {isa = PBXBuildFile; fileRef = F8D95DA31D3DEE9E007088DF /* MenuViewController.m */; };
		F8D95DA71D3DEF29007088DF /* MenuTransition.m in Sources */ = {isa = PBXBuildFile; fileRef = F8D95DA61D3DEF29007088DF /* MenuTransition.m */; };
		F8D95DAA1D3DF179007088DF /* MenuInteractiveTransition.m in Sources */ = {isa = PBXBuildFile; fileRef = F8D95DA91D3DF179007088DF /* MenuInteractiveTransition.m */; };
/* End PBXBuildFile section */

/* Begin PBXFileReference section */
		F85A4F181D3DEC9900C5DA0B /* InteractiveAnimations.app */ = {isa = PBXFileReference; explicitFileType = wrapper.application; includeInIndex = 0; path = InteractiveAnimations.app; sourceTree = BUILT_PRODUCTS_DIR; };
		F85A4F1C1D3DEC9900C5DA0B /* main.m */ = {isa = PBXFileReference; lastKnownFileType = sourcecode.c.objc; path = main.m; sourceTree = "<group>"; };
		F85A4F1E1D3DEC9900C5DA0B /* AppDelegate.h */ = {isa = PBXFileReference; lastKnownFileType = sourcecode.c.h; path = AppDelegate.h; sourceTree = "<group>"; };
		F85A4F1F1D3DEC9900C5DA0B /* AppDelegate.m */ = {isa = PBXFileReference; lastKnownFileType = sourcecode.c.objc; path = AppDelegate.m; sourceTree = "<group>"; };
		F85A4F211D3DEC9900C5DA0B /* ViewController.h */ = {isa = PBXFileReference; lastKnownFileType = sourcecode.c.h; path = ViewController.h; sourceTree = "<group>"; };
		F85A4F221D3DEC9900C5DA0B /* ViewController.m */ = {isa = PBXFileReference; lastKnownFileType = sourcecode.c.objc; path = ViewController.m; sourceTree = "<group>"; };
		F85A4F251D3DEC9900C5DA0B /* Base */ = {isa = PBXFileReference; lastKnownFileType = file.storyboard; name = Base; path = Base.lproj/Main.storyboard; sourceTree = "<group>"; };
		F85A4F271D3DEC9900C5DA0B /* Assets.xcassets */ = {isa = PBXFileReference; lastKnownFileType = folder.assetcatalog; path = Assets.xcassets; sourceTree = "<group>"; };
		F85A4F2A1D3DEC9900C5DA0B /* Base */ = {isa = PBXFileReference; lastKnownFileType = file.storyboard; name = Base; path = Base.lproj/LaunchScreen.storyboard; sourceTree = "<group>"; };
		F85A4F2C1D3DEC9900C5DA0B /* Info.plist */ = {isa = PBXFileReference; lastKnownFileType = text.plist.xml; path = Info.plist; sourceTree = "<group>"; };
		F8D95DA21D3DEE9E007088DF /* MenuViewController.h */ = {isa = PBXFileReference; fileEncoding = 4; lastKnownFileType = sourcecode.c.h; path = MenuViewController.h; sourceTree = "<group>"; };
		F8D95DA31D3DEE9E007088DF /* MenuViewController.m */ = {isa = PBXFileReference; fileEncoding = 4; lastKnownFileType = sourcecode.c.objc; path = MenuViewController.m; sourceTree = "<group>"; };
		F8D95DA51D3DEF29007088DF /* MenuTransition.h */ = {isa = PBXFileReference; fileEncoding = 4; lastKnownFileType = sourcecode.c.h; path = MenuTransition.h; sourceTree = "<group>"; };
		F8D95DA61D3DEF29007088DF /* MenuTransition.m */ = {isa = PBXFileReference; fileEncoding = 4; lastKnownFileType = sourcecode.c.objc; path = MenuTransition.m; sourceTree = "<group>"; };
		F8D95DA81D3DF179007088DF /* MenuInteractiveTransition.h */ = {isa = PBXFileReference; fileEncoding = 4; lastKnownFileType = sourcecode.c.h; path = MenuInteractiveTransition.h; sourceTree = "<group>"; };
		F8D95DA91D3DF179007088DF /* MenuInteractiveTransition.m */ = {isa = PBXFileReference; fileEncoding = 4; lastKnownFileType = sourcecode.c.objc; path = MenuInteractiveTransition.m; sourceTree = "<group>"; };
/* End PBXFileReference section */

/* Begin PBXFrameworksBuildPhase section */
		F85A4F151D3DEC9900C5DA0B /* Frameworks */ = {
			isa = PBXFrameworksBuildPhase;
			buildActionMask = 2147483647;
			files = (
			);
			runOnlyForDeploymentPostprocessing = 0;
		};
/* End PBXFrameworksBuildPhase section */

/* Begin PBXGroup section */
		F85A4F0F1D3DEC9900C5DA0B = {
			isa = PBXGroup;
			children = (
				F85A4F1A1D3DEC9900C5DA0B /* InteractiveAnimations */,
				F85A4F191D3DEC9900C5DA0B /* Products */,
			);
			sourceTree = "<group>";
		};
		F85A4F191D3DEC9900C5DA0B /* Products */ = {
			isa = PBXGroup;
			children = (
				F85A4F181D3DEC9900C5DA0B /* InteractiveAnimations.app */,
			);
			name = Products;
			sourceTree = "<group>";
		};
		F85A4F1A1D3DEC9900C5DA0B /* InteractiveAnimations */ = {
			isa = PBXGroup;
			children = (
				F85A4F211D3DEC9900C5DA0B /* ViewController.h */,
				F85A4F221D3DEC9900C5DA0B /* ViewController.m */,
				F8D95DA21D3DEE9E007088DF /* MenuViewController.h */,
				F8D95DA31D3DEE9E007088DF /* MenuViewController.m */,
				F8D95DA51D3DEF29007088DF /* MenuTransition.h */,
				F8D95DA61D3DEF29007088DF /* MenuTransition.m */,
				F8D95DA81D3DF179007088DF /* MenuInteractiveTransition.h */,
				F8D95DA91D3DF179007088DF /* MenuInteractiveTransition.m */,
				F85A4F1B1D3DEC9900C5DA0B /* Supporting Files */,
			);
			path = InteractiveAnimations;
			sourceTree = "<group>";
		};
		F85A4F1B1D3DEC9900C5DA0B /* Supporting Files */ = {
			isa = PBXGroup;
			children = (
				F85A4F1E1D3DEC9900C5DA0B /* AppDelegate.h */,
				F85A4F1F1D3DEC9900C5DA0B /* AppDelegate.m */,
				F85A4F241D3DEC9900C5DA0B /* Main.storyboard */,
				F85A4F271D3DEC9900C5DA0B /* Assets.xcassets */,
				F85A4F291D3DEC9900C5DA0B /* LaunchScreen.storyboard */,
				F85A4F2C1D3DEC9900C5DA0B /* Info.plist */,
				F85A4F1C1D3DEC9900C5DA0B /* main.m */,
			);
			name = "Supporting Files";
			sourceTree = "<group>";
		};
/* End PBXGroup section */

/* Begin PBXNativeTarget section */
		F85A4F171D3DEC9900C5DA0B /* InteractiveAnimations */ = {
			isa = PBXNativeTarget;
			buildConfigurationList = F85A4F2F1D3DEC9900C5DA0B /* Build configuration list for PBXNativeTarget "InteractiveAnimations" */;
			buildPhases = (
				F85A4F141D3DEC9900C5DA0B /* Sources */,
				F85A4F151D3DEC9900C5DA0B /* Frameworks */,
				F85A4F161D3DEC9900C5DA0B /* Resources */,
			);
			buildRules = (
			);
			dependencies = (
			);
			name = InteractiveAnimations;
			productName = InteractiveAnimations;
			productReference = F85A4F181D3DEC9900C5DA0B /* InteractiveAnimations.app */;
			productType = "com.apple.product-type.application";
		};
/* End PBXNativeTarget section */

/* Begin PBXProject section */
		F85A4F101D3DEC9900C5DA0B /* Project object */ = {
			isa = PBXProject;
			attributes = {
				LastUpgradeCheck = 0730;
				ORGANIZATIONNAME = arkulpa;
				TargetAttributes = {
					F85A4F171D3DEC9900C5DA0B = {
						CreatedOnToolsVersion = 7.3.1;
					};
				};
			};
			buildConfigurationList = F85A4F131D3DEC9900C5DA0B /* Build configuration list for PBXProject "InteractiveAnimations" */;
			compatibilityVersion = "Xcode 3.2";
			developmentRegion = English;
			hasScannedForEncodings = 0;
			knownRegions = (
				en,
				Base,
			);
			mainGroup = F85A4F0F1D3DEC9900C5DA0B;
			productRefGroup = F85A4F191D3DEC9900C5DA0B /* Products */;
			projectDirPath = "";
			projectRoot = "";
			targets = (
				F85A4F171D3DEC9900C5DA0B /* InteractiveAnimations */,
			);
		};
/* End PBXProject section */

/* Begin PBXResourcesBuildPhase section */
		F85A4F161D3DEC9900C5DA0B /* Resources */ = {
			isa = PBXResourcesBuildPhase;
			buildActionMask = 2147483647;
			files = (
				F85A4F2B1D3DEC9900C5DA0B /* LaunchScreen.storyboard in Resources */,
				F85A4F281D3DEC9900C5DA0B /* Assets.xcassets in Resources */,
				F85A4F261D3DEC9900C5DA0B /* Main.storyboard in Resources */,
			);
			runOnlyForDeploymentPostprocessing = 0;
		};
/* End PBXResourcesBuildPhase section */

/* Begin PBXSourcesBuildPhase section */
		F85A4F141D3DEC9900C5DA0B /* Sources */ = {
			isa = PBXSourcesBuildPhase;
			buildActionMask = 2147483647;
			files = (
				F8D95DAA1D3DF179007088DF /* MenuInteractiveTransition.m in Sources */,
				F85A4F231D3DEC9900C5DA0B /* ViewController.m in Sources */,
				F85A4F201D3DEC9900C5DA0B /* AppDelegate.m in Sources */,
				F8D95DA71D3DEF29007088DF /* MenuTransition.m in Sources */,
				F85A4F1D1D3DEC9900C5DA0B /* main.m in Sources */,
				F8D95DA41D3DEE9E007088DF /* MenuViewController.m in Sources */,
			);
			runOnlyForDeploymentPostprocessing = 0;
		};
/* End PBXSourcesBuildPhase section */

/* Begin PBXVariantGroup section */
		F85A4F241D3DEC9900C5DA0B /* Main.storyboard */ = {
			isa = PBXVariantGroup;
			children = (
				F85A4F251D3DEC9900C5DA0B /* Base */,
			);
			name = Main.storyboard;
			sourceTree = "<group>";
		};
		F85A4F291D3DEC9900C5DA0B /* LaunchScreen.storyboard */ = {
			isa = PBXVariantGroup;
			children = (
				F85A4F2A1D3DEC9900C5DA0B /* Base */,
			);
			name = LaunchScreen.storyboard;
			sourceTree = "<group>";
		};
/* End PBXVariantGroup section */

/* Begin XCBuildConfiguration section */
		F85A4F2D1D3DEC9900C5DA0B /* Debug */ = {
			isa = XCBuildConfiguration;
			buildSettings = {
				ALWAYS_SEARCH_USER_PATHS = NO;
				CLANG_ANALYZER_NONNULL = YES;
				CLANG_CXX_LANGUAGE_STANDARD = "gnu++0x";
				CLANG_CXX_LIBRARY = "libc++";
				CLANG_ENABLE_MODULES = YES;
				CLANG_ENABLE_OBJC_ARC = YES;
				CLANG_WARN_BOOL_CONVERSION = YES;
				CLANG_WARN_CONSTANT_CONVERSION = YES;
				CLANG_WARN_DIRECT_OBJC_ISA_USAGE = YES_ERROR;
				CLANG_WARN_EMPTY_BODY = YES;
				CLANG_WARN_ENUM_CONVERSION = YES;
				CLANG_WARN_INT_CONVERSION = YES;
				CLANG_WARN_OBJC_ROOT_CLASS = YES_ERROR;
				CLANG_WARN_UNREACHABLE_CODE = YES;
				CLANG_WARN__DUPLICATE_METHOD_MATCH = YES;
				"CODE_SIGN_IDENTITY[sdk=iphoneos*]" = "iPhone Developer";
				COPY_PHASE_STRIP = NO;
				DEBUG_INFORMATION_FORMAT = dwarf;
				ENABLE_STRICT_OBJC_MSGSEND = YES;
				ENABLE_TESTABILITY = YES;
				GCC_C_LANGUAGE_STANDARD = gnu99;
				GCC_DYNAMIC_NO_PIC = NO;
				GCC_NO_COMMON_BLOCKS = YES;
				GCC_OPTIMIZATION_LEVEL = 0;
				GCC_PREPROCESSOR_DEFINITIONS = (
					"DEBUG=1",
					"$(inherited)",
				);
				GCC_WARN_64_TO_32_BIT_CONVERSION = YES;
				GCC_WARN_ABOUT_RETURN_TYPE = YES_ERROR;
				GCC_WARN_UNDECLARED_SELECTOR = YES;
				GCC_WARN_UNINITIALIZED_AUTOS = YES_AGGRESSIVE;
				GCC_WARN_UNUSED_FUNCTION = YES;
				GCC_WARN_UNUSED_VARIABLE = YES;
				IPHONEOS_DEPLOYMENT_TARGET = 9.3;
				MTL_ENABLE_DEBUG_INFO = YES;
				ONLY_ACTIVE_ARCH = YES;
				SDKROOT = iphoneos;
			};
			name = Debug;
		};
		F85A4F2E1D3DEC9900C5DA0B /* Release */ = {
			isa = XCBuildConfiguration;
			buildSettings = {
				ALWAYS_SEARCH_USER_PATHS = NO;
				CLANG_ANALYZER_NONNULL = YES;
				CLANG_CXX_LANGUAGE_STANDARD = "gnu++0x";
				CLANG_CXX_LIBRARY = "libc++";
				CLANG_ENABLE_MODULES = YES;
				CLANG_ENABLE_OBJC_ARC = YES;
				CLANG_WARN_BOOL_CONVERSION = YES;
				CLANG_WARN_CONSTANT_CONVERSION = YES;
				CLANG_WARN_DIRECT_OBJC_ISA_USAGE = YES_ERROR;
				CLANG_WARN_EMPTY_BODY = YES;
				CLANG_WARN_ENUM_CONVERSION = YES;
				CLANG_WARN_INT_CONVERSION = YES;
				CLANG_WARN_OBJC_ROOT_CLASS = YES_ERROR;
				CLANG_WARN_UNREACHABLE_CODE = YES;
				CLANG_WARN__DUPLICATE_METHOD_MATCH = YES;
				"CODE_SIGN_IDENTITY[sdk=iphoneos*]" = "iPhone Developer";
				COPY_PHASE_STRIP = NO;
				DEBUG_INFORMATION_FORMAT = "dwarf-with-dsym";
				ENABLE_NS_ASSERTIONS = NO;
				ENABLE_STRICT_OBJC_MSGSEND = YES;
				GCC_C_LANGUAGE_STANDARD = gnu99;
				GCC_NO_COMMON_BLOCKS = YES;
				GCC_WARN_64_TO_32_BIT_CONVERSION = YES;
				GCC_WARN_ABOUT_RETURN_TYPE = YES_ERROR;
				GCC_WARN_UNDECLARED_SELECTOR = YES;
				GCC_WARN_UNINITIALIZED_AUTOS = YES_AGGRESSIVE;
				GCC_WARN_UNUSED_FUNCTION = YES;
				GCC_WARN_UNUSED_VARIABLE = YES;
				IPHONEOS_DEPLOYMENT_TARGET = 9.3;
				MTL_ENABLE_DEBUG_INFO = NO;
				SDKROOT = iphoneos;
				VALIDATE_PRODUCT = YES;
			};
			name = Release;
		};
		F85A4F301D3DEC9900C5DA0B /* Debug */ = {
			isa = XCBuildConfiguration;
			buildSettings = {
				ASSETCATALOG_COMPILER_APPICON_NAME = AppIcon;
				INFOPLIST_FILE = InteractiveAnimations/Info.plist;
				LD_RUNPATH_SEARCH_PATHS = "$(inherited) @executable_path/Frameworks";
				PRODUCT_BUNDLE_IDENTIFIER = at.arkulpa.InteractiveAnimations;
				PRODUCT_NAME = "$(TARGET_NAME)";
			};
			name = Debug;
		};
		F85A4F311D3DEC9900C5DA0B /* Release */ = {
			isa = XCBuildConfiguration;
			buildSettings = {
				ASSETCATALOG_COMPILER_APPICON_NAME = AppIcon;
				INFOPLIST_FILE = InteractiveAnimations/Info.plist;
				LD_RUNPATH_SEARCH_PATHS = "$(inherited) @executable_path/Frameworks";
				PRODUCT_BUNDLE_IDENTIFIER = at.arkulpa.InteractiveAnimations;
				PRODUCT_NAME = "$(TARGET_NAME)";
			};
			name = Release;
		};
/* End XCBuildConfiguration section */

/* Begin XCConfigurationList section */
		F85A4F131D3DEC9900C5DA0B /* Build configuration list for PBXProject "InteractiveAnimations" */ = {
			isa = XCConfigurationList;
			buildConfigurations = (
				F85A4F2D1D3DEC9900C5DA0B /* Debug */,
				F85A4F2E1D3DEC9900C5DA0B /* Release */,
			);
			defaultConfigurationIsVisible = 0;
			defaultConfigurationName = Release;
		};
		F85A4F2F1D3DEC9900C5DA0B /* Build configuration list for PBXNativeTarget "InteractiveAnimations" */ = {
			isa = XCConfigurationList;
			buildConfigurations = (
				F85A4F301D3DEC9900C5DA0B /* Debug */,
				F85A4F311D3DEC9900C5DA0B /* Release */,
			);
			defaultConfigurationIsVisible = 0;
			defaultConfigurationName = Release;
		};
/* End XCConfigurationList section */
	};
	rootObject = F85A4F101D3DEC9900C5DA0B /* Project object */;
}
